
Microsoft Visual Studio Solution File, Format Version 12.00
# Visual Studio 2012
Project("{FAE04EC0-301F-11D3-BF4B-00C04F79EFBC}") = "Services", "Services\Services.csproj", "{DE62DCD2-C33B-4AA2-899A-A1CECC695A34}"
EndProject
Project("{FAE04EC0-301F-11D3-BF4B-00C04F79EFBC}") = "Tests", "Tests\Tests.csproj", "{38BDE4D5-F40B-4E5B-BBDC-758499B6BC1D}"
EndProject
Project("{FAE04EC0-301F-11D3-BF4B-00C04F79EFBC}") = "ViewAccessors", "ViewAccessors\ViewAccessors.csproj", "{28BDE4D5-F40B-4E5B-BBDC-758499B6BC1D}"
EndProject
Project("{FAE04EC0-301F-11D3-BF4B-00C04F79EFBC}") = "TestStack.White", "..\Tools\White\src\TestStack.White\TestStack.White.csproj", "{12C59CE2-9CF7-44F4-B27C-90754609F979}"
EndProject
Global
	GlobalSection(SolutionConfigurationPlatforms) = preSolution
		Debug|Any CPU = Debug|Any CPU
		Debug|Mixed Platforms = Debug|Mixed Platforms
		Debug|x86 = Debug|x86
		Release|Any CPU = Release|Any CPU
		Release|Mixed Platforms = Release|Mixed Platforms
		Release|x86 = Release|x86
	EndGlobalSection
	GlobalSection(ProjectConfigurationPlatforms) = postSolution
		{DE62DCD2-C33B-4AA2-899A-A1CECC695A34}.Debug|Any CPU.ActiveCfg = Debug|Any CPU
		{DE62DCD2-C33B-4AA2-899A-A1CECC695A34}.Debug|Any CPU.Build.0 = Debug|Any CPU
		{DE62DCD2-C33B-4AA2-899A-A1CECC695A34}.Debug|Mixed Platforms.ActiveCfg = Debug|Any CPU
		{DE62DCD2-C33B-4AA2-899A-A1CECC695A34}.Debug|Mixed Platforms.Build.0 = Debug|Any CPU
		{DE62DCD2-C33B-4AA2-899A-A1CECC695A34}.Debug|x86.ActiveCfg = Debug|Any CPU
		{DE62DCD2-C33B-4AA2-899A-A1CECC695A34}.Release|Any CPU.ActiveCfg = Release|Any CPU
		{DE62DCD2-C33B-4AA2-899A-A1CECC695A34}.Release|Any CPU.Build.0 = Release|Any CPU
		{DE62DCD2-C33B-4AA2-899A-A1CECC695A34}.Release|Mixed Platforms.ActiveCfg = Release|Any CPU
		{DE62DCD2-C33B-4AA2-899A-A1CECC695A34}.Release|Mixed Platforms.Build.0 = Release|Any CPU
		{DE62DCD2-C33B-4AA2-899A-A1CECC695A34}.Release|x86.ActiveCfg = Release|Any CPU
		{38BDE4D5-F40B-4E5B-BBDC-758499B6BC1D}.Debug|Any CPU.ActiveCfg = Debug|Any CPU
		{38BDE4D5-F40B-4E5B-BBDC-758499B6BC1D}.Debug|Any CPU.Build.0 = Debug|Any CPU
		{38BDE4D5-F40B-4E5B-BBDC-758499B6BC1D}.Debug|Mixed Platforms.ActiveCfg = Debug|Any CPU
		{38BDE4D5-F40B-4E5B-BBDC-758499B6BC1D}.Debug|Mixed Platforms.Build.0 = Debug|Any CPU
		{38BDE4D5-F40B-4E5B-BBDC-758499B6BC1D}.Debug|x86.ActiveCfg = Debug|Any CPU
		{38BDE4D5-F40B-4E5B-BBDC-758499B6BC1D}.Release|Any CPU.ActiveCfg = Release|Any CPU
		{38BDE4D5-F40B-4E5B-BBDC-758499B6BC1D}.Release|Any CPU.Build.0 = Release|Any CPU
		{38BDE4D5-F40B-4E5B-BBDC-758499B6BC1D}.Release|Mixed Platforms.ActiveCfg = Release|Any CPU
		{38BDE4D5-F40B-4E5B-BBDC-758499B6BC1D}.Release|Mixed Platforms.Build.0 = Release|Any CPU
		{38BDE4D5-F40B-4E5B-BBDC-758499B6BC1D}.Release|x86.ActiveCfg = Release|Any CPU
		{28BDE4D5-F40B-4E5B-BBDC-758499B6BC1D}.Debug|Any CPU.ActiveCfg = Debug|Any CPU
		{28BDE4D5-F40B-4E5B-BBDC-758499B6BC1D}.Debug|Any CPU.Build.0 = Debug|Any CPU
		{28BDE4D5-F40B-4E5B-BBDC-758499B6BC1D}.Debug|Mixed Platforms.ActiveCfg = Debug|Any CPU
		{28BDE4D5-F40B-4E5B-BBDC-758499B6BC1D}.Debug|Mixed Platforms.Build.0 = Debug|Any CPU
		{28BDE4D5-F40B-4E5B-BBDC-758499B6BC1D}.Debug|x86.ActiveCfg = Debug|Any CPU
		{28BDE4D5-F40B-4E5B-BBDC-758499B6BC1D}.Release|Any CPU.ActiveCfg = Release|Any CPU
		{28BDE4D5-F40B-4E5B-BBDC-758499B6BC1D}.Release|Any CPU.Build.0 = Release|Any CPU
		{28BDE4D5-F40B-4E5B-BBDC-758499B6BC1D}.Release|Mixed Platforms.ActiveCfg = Release|Any CPU
		{28BDE4D5-F40B-4E5B-BBDC-758499B6BC1D}.Release|Mixed Platforms.Build.0 = Release|Any CPU
		{28BDE4D5-F40B-4E5B-BBDC-758499B6BC1D}.Release|x86.ActiveCfg = Release|Any CPU
		{12C59CE2-9CF7-44F4-B27C-90754609F979}.Debug|Any CPU.ActiveCfg = Debug|x86
		{12C59CE2-9CF7-44F4-B27C-90754609F979}.Debug|Mixed Platforms.ActiveCfg = Debug|x86
		{12C59CE2-9CF7-44F4-B27C-90754609F979}.Debug|Mixed Platforms.Build.0 = Debug|x86
		{12C59CE2-9CF7-44F4-B27C-90754609F979}.Debug|x86.ActiveCfg = Debug|x86
		{12C59CE2-9CF7-44F4-B27C-90754609F979}.Debug|x86.Build.0 = Debug|x86
		{12C59CE2-9CF7-44F4-B27C-90754609F979}.Release|Any CPU.ActiveCfg = Release|x86
		{12C59CE2-9CF7-44F4-B27C-90754609F979}.Release|Mixed Platforms.ActiveCfg = Release|x86
		{12C59CE2-9CF7-44F4-B27C-90754609F979}.Release|Mixed Platforms.Build.0 = Release|x86
		{12C59CE2-9CF7-44F4-B27C-90754609F979}.Release|x86.ActiveCfg = Release|x86
		{12C59CE2-9CF7-44F4-B27C-90754609F979}.Release|x86.Build.0 = Release|x86
	EndGlobalSection
	GlobalSection(SolutionProperties) = preSolution
		HideSolutionNode = FALSE
	EndGlobalSection
EndGlobal
